
Microsoft Visual Studio Solution File, Format Version 12.00
# Visual Studio Version 17
VisualStudioVersion = 17.7.34031.279
MinimumVisualStudioVersion = 10.0.40219.1
Project("{FAE04EC0-301F-11D3-BF4B-00C04F79EFBC}") = "Carrera", "Carrera\Carrera.csproj", "{22958E3B-AE01-435E-9502-62CD857B0A28}"
EndProject
Global
	GlobalSection(SolutionConfigurationPlatforms) = preSolution
		Debug|Any CPU = Debug|Any CPU
		Release|Any CPU = Release|Any CPU
	EndGlobalSection
	GlobalSection(ProjectConfigurationPlatforms) = postSolution
		{22958E3B-AE01-435E-9502-62CD857B0A28}.Debug|Any CPU.ActiveCfg = Debug|Any CPU
		{22958E3B-AE01-435E-9502-62CD857B0A28}.Debug|Any CPU.Build.0 = Debug|Any CPU
		{22958E3B-AE01-435E-9502-62CD857B0A28}.Release|Any CPU.ActiveCfg = Release|Any CPU
		{22958E3B-AE01-435E-9502-62CD857B0A28}.Release|Any CPU.Build.0 = Release|Any CPU
	EndGlobalSection
	GlobalSection(SolutionProperties) = preSolution
		HideSolutionNode = FALSE
	EndGlobalSection
	GlobalSection(ExtensibilityGlobals) = postSolution
		SolutionGuid = {F0E50DD4-3851-4F5E-AC8E-A0DA5EF4DB71}
	EndGlobalSection
EndGlobal
