
Microsoft Visual Studio Solution File, Format Version 12.00
# Visual Studio Version 17
VisualStudioVersion = 17.7.34031.279
MinimumVisualStudioVersion = 10.0.40219.1
Project("{FAE04EC0-301F-11D3-BF4B-00C04F79EFBC}") = "Dolphin01", "Dolphin01\Dolphin01.csproj", "{FFF16DE1-FC73-437A-BB57-4B0F2312E63C}"
EndProject
Global
	GlobalSection(SolutionConfigurationPlatforms) = preSolution
		Debug|Any CPU = Debug|Any CPU
		Release|Any CPU = Release|Any CPU
	EndGlobalSection
	GlobalSection(ProjectConfigurationPlatforms) = postSolution
		{FFF16DE1-FC73-437A-BB57-4B0F2312E63C}.Debug|Any CPU.ActiveCfg = Debug|Any CPU
		{FFF16DE1-FC73-437A-BB57-4B0F2312E63C}.Debug|Any CPU.Build.0 = Debug|Any CPU
		{FFF16DE1-FC73-437A-BB57-4B0F2312E63C}.Release|Any CPU.ActiveCfg = Release|Any CPU
		{FFF16DE1-FC73-437A-BB57-4B0F2312E63C}.Release|Any CPU.Build.0 = Release|Any CPU
	EndGlobalSection
	GlobalSection(SolutionProperties) = preSolution
		HideSolutionNode = FALSE
	EndGlobalSection
	GlobalSection(ExtensibilityGlobals) = postSolution
		SolutionGuid = {49F863E7-79E1-4D5A-850C-CC131B4203FA}
	EndGlobalSection
EndGlobal
