
Microsoft Visual Studio Solution File, Format Version 12.00
# Visual Studio Version 17
VisualStudioVersion = 17.9.34607.119
MinimumVisualStudioVersion = 10.0.40219.1
Project("{FAE04EC0-301F-11D3-BF4B-00C04F79EFBC}") = "HerenciaIII", "HerenciaIII\HerenciaIII.csproj", "{289BA233-178C-4C06-9CE6-30FF92C26C23}"
EndProject
Global
	GlobalSection(SolutionConfigurationPlatforms) = preSolution
		Debug|Any CPU = Debug|Any CPU
		Release|Any CPU = Release|Any CPU
	EndGlobalSection
	GlobalSection(ProjectConfigurationPlatforms) = postSolution
		{289BA233-178C-4C06-9CE6-30FF92C26C23}.Debug|Any CPU.ActiveCfg = Debug|Any CPU
		{289BA233-178C-4C06-9CE6-30FF92C26C23}.Debug|Any CPU.Build.0 = Debug|Any CPU
		{289BA233-178C-4C06-9CE6-30FF92C26C23}.Release|Any CPU.ActiveCfg = Release|Any CPU
		{289BA233-178C-4C06-9CE6-30FF92C26C23}.Release|Any CPU.Build.0 = Release|Any CPU
	EndGlobalSection
	GlobalSection(SolutionProperties) = preSolution
		HideSolutionNode = FALSE
	EndGlobalSection
	GlobalSection(ExtensibilityGlobals) = postSolution
		SolutionGuid = {1F5F274E-9C90-42C0-8044-56721883A3AF}
	EndGlobalSection
EndGlobal
