
Microsoft Visual Studio Solution File, Format Version 12.00
# Visual Studio Version 17
VisualStudioVersion = 17.9.34607.119
MinimumVisualStudioVersion = 10.0.40219.1
Project("{FAE04EC0-301F-11D3-BF4B-00C04F79EFBC}") = "HerenciaExamen", "HerenciaExamen\HerenciaExamen.csproj", "{4C6B6B91-1668-44AD-909A-9807CBCD9ECD}"
EndProject
Global
	GlobalSection(SolutionConfigurationPlatforms) = preSolution
		Debug|Any CPU = Debug|Any CPU
		Release|Any CPU = Release|Any CPU
	EndGlobalSection
	GlobalSection(ProjectConfigurationPlatforms) = postSolution
		{4C6B6B91-1668-44AD-909A-9807CBCD9ECD}.Debug|Any CPU.ActiveCfg = Debug|Any CPU
		{4C6B6B91-1668-44AD-909A-9807CBCD9ECD}.Debug|Any CPU.Build.0 = Debug|Any CPU
		{4C6B6B91-1668-44AD-909A-9807CBCD9ECD}.Release|Any CPU.ActiveCfg = Release|Any CPU
		{4C6B6B91-1668-44AD-909A-9807CBCD9ECD}.Release|Any CPU.Build.0 = Release|Any CPU
	EndGlobalSection
	GlobalSection(SolutionProperties) = preSolution
		HideSolutionNode = FALSE
	EndGlobalSection
	GlobalSection(ExtensibilityGlobals) = postSolution
		SolutionGuid = {F5972EF0-809B-4DB5-9367-94A590FF326B}
	EndGlobalSection
EndGlobal
