
Microsoft Visual Studio Solution File, Format Version 12.00
# Visual Studio Version 17
VisualStudioVersion = 17.4.33213.308
MinimumVisualStudioVersion = 10.0.40219.1
Project("{FAE04EC0-301F-11D3-BF4B-00C04F79EFBC}") = "Domino", "Domino\Domino.csproj", "{277E1445-B671-40BE-A1C2-C3D8CEF872B0}"
EndProject
Global
	GlobalSection(SolutionConfigurationPlatforms) = preSolution
		Debug|Any CPU = Debug|Any CPU
		Release|Any CPU = Release|Any CPU
	EndGlobalSection
	GlobalSection(ProjectConfigurationPlatforms) = postSolution
		{277E1445-B671-40BE-A1C2-C3D8CEF872B0}.Debug|Any CPU.ActiveCfg = Debug|Any CPU
		{277E1445-B671-40BE-A1C2-C3D8CEF872B0}.Debug|Any CPU.Build.0 = Debug|Any CPU
		{277E1445-B671-40BE-A1C2-C3D8CEF872B0}.Release|Any CPU.ActiveCfg = Release|Any CPU
		{277E1445-B671-40BE-A1C2-C3D8CEF872B0}.Release|Any CPU.Build.0 = Release|Any CPU
	EndGlobalSection
	GlobalSection(SolutionProperties) = preSolution
		HideSolutionNode = FALSE
	EndGlobalSection
	GlobalSection(ExtensibilityGlobals) = postSolution
		SolutionGuid = {6B60823B-8227-4521-963D-31806A29A5ED}
	EndGlobalSection
EndGlobal
