
Microsoft Visual Studio Solution File, Format Version 12.00
# Visual Studio Version 17
VisualStudioVersion = 17.7.34024.191
MinimumVisualStudioVersion = 10.0.40219.1
Project("{FAE04EC0-301F-11D3-BF4B-00C04F79EFBC}") = "ExamenYvesElianor", "ExamenYvesElianor.csproj", "{7914A850-21B7-4B37-AD89-1AE0D0A4A976}"
EndProject
Global
	GlobalSection(SolutionConfigurationPlatforms) = preSolution
		Debug|Any CPU = Debug|Any CPU
		Release|Any CPU = Release|Any CPU
	EndGlobalSection
	GlobalSection(ProjectConfigurationPlatforms) = postSolution
		{7914A850-21B7-4B37-AD89-1AE0D0A4A976}.Debug|Any CPU.ActiveCfg = Debug|Any CPU
		{7914A850-21B7-4B37-AD89-1AE0D0A4A976}.Debug|Any CPU.Build.0 = Debug|Any CPU
		{7914A850-21B7-4B37-AD89-1AE0D0A4A976}.Release|Any CPU.ActiveCfg = Release|Any CPU
		{7914A850-21B7-4B37-AD89-1AE0D0A4A976}.Release|Any CPU.Build.0 = Release|Any CPU
	EndGlobalSection
	GlobalSection(SolutionProperties) = preSolution
		HideSolutionNode = FALSE
	EndGlobalSection
	GlobalSection(ExtensibilityGlobals) = postSolution
		SolutionGuid = {32FA259D-914D-4BDB-89A2-D7A050F5A9D2}
	EndGlobalSection
EndGlobal
