
Microsoft Visual Studio Solution File, Format Version 12.00
# Visual Studio Version 17
VisualStudioVersion = 17.7.34031.279
MinimumVisualStudioVersion = 10.0.40219.1
Project("{FAE04EC0-301F-11D3-BF4B-00C04F79EFBC}") = "Delegado3", "Delegado3\Delegado3.csproj", "{CD1517F2-D059-421B-A788-E3038F16CBA8}"
EndProject
Global
	GlobalSection(SolutionConfigurationPlatforms) = preSolution
		Debug|Any CPU = Debug|Any CPU
		Release|Any CPU = Release|Any CPU
	EndGlobalSection
	GlobalSection(ProjectConfigurationPlatforms) = postSolution
		{CD1517F2-D059-421B-A788-E3038F16CBA8}.Debug|Any CPU.ActiveCfg = Debug|Any CPU
		{CD1517F2-D059-421B-A788-E3038F16CBA8}.Debug|Any CPU.Build.0 = Debug|Any CPU
		{CD1517F2-D059-421B-A788-E3038F16CBA8}.Release|Any CPU.ActiveCfg = Release|Any CPU
		{CD1517F2-D059-421B-A788-E3038F16CBA8}.Release|Any CPU.Build.0 = Release|Any CPU
	EndGlobalSection
	GlobalSection(SolutionProperties) = preSolution
		HideSolutionNode = FALSE
	EndGlobalSection
	GlobalSection(ExtensibilityGlobals) = postSolution
		SolutionGuid = {BC70B689-C5D1-4E0F-8139-A5571A1AD5ED}
	EndGlobalSection
EndGlobal
