
Microsoft Visual Studio Solution File, Format Version 12.00
# Visual Studio Version 17
VisualStudioVersion = 17.3.32825.248
MinimumVisualStudioVersion = 10.0.40219.1
Project("{FAE04EC0-301F-11D3-BF4B-00C04F79EFBC}") = "Cards", "Cards\Cards.csproj", "{63A47D98-4F95-418C-A7E4-53D34AF89FCD}"
EndProject
Global
	GlobalSection(SolutionConfigurationPlatforms) = preSolution
		Debug|Any CPU = Debug|Any CPU
		Release|Any CPU = Release|Any CPU
	EndGlobalSection
	GlobalSection(ProjectConfigurationPlatforms) = postSolution
		{63A47D98-4F95-418C-A7E4-53D34AF89FCD}.Debug|Any CPU.ActiveCfg = Debug|Any CPU
		{63A47D98-4F95-418C-A7E4-53D34AF89FCD}.Debug|Any CPU.Build.0 = Debug|Any CPU
		{63A47D98-4F95-418C-A7E4-53D34AF89FCD}.Release|Any CPU.ActiveCfg = Release|Any CPU
		{63A47D98-4F95-418C-A7E4-53D34AF89FCD}.Release|Any CPU.Build.0 = Release|Any CPU
	EndGlobalSection
	GlobalSection(SolutionProperties) = preSolution
		HideSolutionNode = FALSE
	EndGlobalSection
	GlobalSection(ExtensibilityGlobals) = postSolution
		SolutionGuid = {60157B85-C9C8-47D0-85BB-31CC067457B7}
	EndGlobalSection
EndGlobal
