
Microsoft Visual Studio Solution File, Format Version 12.00
# Visual Studio Version 17
VisualStudioVersion = 17.9.34607.119
MinimumVisualStudioVersion = 10.0.40219.1
Project("{FAE04EC0-301F-11D3-BF4B-00C04F79EFBC}") = "FilmMax", "FilmMax\FilmMax.csproj", "{05777E43-4B6B-4186-A9C3-A0BC9AC92EB0}"
EndProject
Project("{FAE04EC0-301F-11D3-BF4B-00C04F79EFBC}") = "LibraryFilmMax", "LibraryFilmMax\LibraryFilmMax.csproj", "{47CDD956-B176-4E59-A982-14918D864A1B}"
EndProject
Global
	GlobalSection(SolutionConfigurationPlatforms) = preSolution
		Debug|Any CPU = Debug|Any CPU
		Release|Any CPU = Release|Any CPU
	EndGlobalSection
	GlobalSection(ProjectConfigurationPlatforms) = postSolution
		{05777E43-4B6B-4186-A9C3-A0BC9AC92EB0}.Debug|Any CPU.ActiveCfg = Debug|Any CPU
		{05777E43-4B6B-4186-A9C3-A0BC9AC92EB0}.Debug|Any CPU.Build.0 = Debug|Any CPU
		{05777E43-4B6B-4186-A9C3-A0BC9AC92EB0}.Release|Any CPU.ActiveCfg = Release|Any CPU
		{05777E43-4B6B-4186-A9C3-A0BC9AC92EB0}.Release|Any CPU.Build.0 = Release|Any CPU
		{47CDD956-B176-4E59-A982-14918D864A1B}.Debug|Any CPU.ActiveCfg = Debug|Any CPU
		{47CDD956-B176-4E59-A982-14918D864A1B}.Debug|Any CPU.Build.0 = Debug|Any CPU
		{47CDD956-B176-4E59-A982-14918D864A1B}.Release|Any CPU.ActiveCfg = Release|Any CPU
		{47CDD956-B176-4E59-A982-14918D864A1B}.Release|Any CPU.Build.0 = Release|Any CPU
	EndGlobalSection
	GlobalSection(SolutionProperties) = preSolution
		HideSolutionNode = FALSE
	EndGlobalSection
	GlobalSection(ExtensibilityGlobals) = postSolution
		SolutionGuid = {07EFB757-88DB-498B-A6FD-DBE009883FEB}
	EndGlobalSection
EndGlobal
