
Microsoft Visual Studio Solution File, Format Version 12.00
# Visual Studio Version 17
VisualStudioVersion = 17.3.32825.248
MinimumVisualStudioVersion = 10.0.40219.1
Project("{9A19103F-16F7-4668-BE54-9A1E7A4F7556}") = "Chess", "Chess\Chess.csproj", "{C20922E0-7BE6-4F6D-9CFA-69CD19B0548F}"
EndProject
Project("{9A19103F-16F7-4668-BE54-9A1E7A4F7556}") = "ChessLib", "ChessLib\ChessLib.csproj", "{48616F75-D9F2-4190-A184-B203CA69C134}"
EndProject
Project("{9A19103F-16F7-4668-BE54-9A1E7A4F7556}") = "ChessTest", "ChessTest\ChessTest.csproj", "{1F45A61A-5214-4A72-B5D2-7952EA76A126}"
	ProjectSection(ProjectDependencies) = postProject
		{48616F75-D9F2-4190-A184-B203CA69C134} = {48616F75-D9F2-4190-A184-B203CA69C134}
	EndProjectSection
EndProject
Project("{9A19103F-16F7-4668-BE54-9A1E7A4F7556}") = "Game", "Game\Game.csproj", "{6C73BDF6-1D9C-43C8-B977-ED770E9BEC38}"
EndProject
Global
	GlobalSection(SolutionConfigurationPlatforms) = preSolution
		Debug|Any CPU = Debug|Any CPU
		Release|Any CPU = Release|Any CPU
	EndGlobalSection
	GlobalSection(ProjectConfigurationPlatforms) = postSolution
		{C20922E0-7BE6-4F6D-9CFA-69CD19B0548F}.Debug|Any CPU.ActiveCfg = Debug|Any CPU
		{C20922E0-7BE6-4F6D-9CFA-69CD19B0548F}.Debug|Any CPU.Build.0 = Debug|Any CPU
		{C20922E0-7BE6-4F6D-9CFA-69CD19B0548F}.Release|Any CPU.ActiveCfg = Release|Any CPU
		{C20922E0-7BE6-4F6D-9CFA-69CD19B0548F}.Release|Any CPU.Build.0 = Release|Any CPU
		{48616F75-D9F2-4190-A184-B203CA69C134}.Debug|Any CPU.ActiveCfg = Debug|Any CPU
		{48616F75-D9F2-4190-A184-B203CA69C134}.Debug|Any CPU.Build.0 = Debug|Any CPU
		{48616F75-D9F2-4190-A184-B203CA69C134}.Release|Any CPU.ActiveCfg = Release|Any CPU
		{48616F75-D9F2-4190-A184-B203CA69C134}.Release|Any CPU.Build.0 = Release|Any CPU
		{1F45A61A-5214-4A72-B5D2-7952EA76A126}.Debug|Any CPU.ActiveCfg = Debug|Any CPU
		{1F45A61A-5214-4A72-B5D2-7952EA76A126}.Debug|Any CPU.Build.0 = Debug|Any CPU
		{1F45A61A-5214-4A72-B5D2-7952EA76A126}.Release|Any CPU.ActiveCfg = Release|Any CPU
		{1F45A61A-5214-4A72-B5D2-7952EA76A126}.Release|Any CPU.Build.0 = Release|Any CPU
		{6C73BDF6-1D9C-43C8-B977-ED770E9BEC38}.Debug|Any CPU.ActiveCfg = Debug|Any CPU
		{6C73BDF6-1D9C-43C8-B977-ED770E9BEC38}.Debug|Any CPU.Build.0 = Debug|Any CPU
		{6C73BDF6-1D9C-43C8-B977-ED770E9BEC38}.Release|Any CPU.ActiveCfg = Release|Any CPU
		{6C73BDF6-1D9C-43C8-B977-ED770E9BEC38}.Release|Any CPU.Build.0 = Release|Any CPU
	EndGlobalSection
	GlobalSection(SolutionProperties) = preSolution
		HideSolutionNode = FALSE
	EndGlobalSection
	GlobalSection(ExtensibilityGlobals) = postSolution
		SolutionGuid = {D1AB0F08-2704-4E12-91D9-2C8C07371C9D}
	EndGlobalSection
EndGlobal
