
Microsoft Visual Studio Solution File, Format Version 12.00
# Visual Studio Version 17
VisualStudioVersion = 17.7.34031.279
MinimumVisualStudioVersion = 10.0.40219.1
Project("{FAE04EC0-301F-11D3-BF4B-00C04F79EFBC}") = "Darts", "Darts\Darts.csproj", "{9BE1D7ED-71CC-4568-963B-49D425075611}"
EndProject
Global
	GlobalSection(SolutionConfigurationPlatforms) = preSolution
		Debug|Any CPU = Debug|Any CPU
		Release|Any CPU = Release|Any CPU
	EndGlobalSection
	GlobalSection(ProjectConfigurationPlatforms) = postSolution
		{9BE1D7ED-71CC-4568-963B-49D425075611}.Debug|Any CPU.ActiveCfg = Debug|Any CPU
		{9BE1D7ED-71CC-4568-963B-49D425075611}.Debug|Any CPU.Build.0 = Debug|Any CPU
		{9BE1D7ED-71CC-4568-963B-49D425075611}.Release|Any CPU.ActiveCfg = Release|Any CPU
		{9BE1D7ED-71CC-4568-963B-49D425075611}.Release|Any CPU.Build.0 = Release|Any CPU
	EndGlobalSection
	GlobalSection(SolutionProperties) = preSolution
		HideSolutionNode = FALSE
	EndGlobalSection
	GlobalSection(ExtensibilityGlobals) = postSolution
		SolutionGuid = {A91318A4-6D54-4879-8839-64CEC2192464}
	EndGlobalSection
EndGlobal
