
Microsoft Visual Studio Solution File, Format Version 12.00
# Visual Studio Version 17
VisualStudioVersion = 17.3.32825.248
MinimumVisualStudioVersion = 10.0.40219.1
Project("{FAE04EC0-301F-11D3-BF4B-00C04F79EFBC}") = "ExamenNoviembre", "ExamenNoviembre\ExamenNoviembre.csproj", "{95B36ABA-3A1D-4F68-B4E5-E2478C96BE00}"
EndProject
Global
	GlobalSection(SolutionConfigurationPlatforms) = preSolution
		Debug|Any CPU = Debug|Any CPU
		Release|Any CPU = Release|Any CPU
	EndGlobalSection
	GlobalSection(ProjectConfigurationPlatforms) = postSolution
		{95B36ABA-3A1D-4F68-B4E5-E2478C96BE00}.Debug|Any CPU.ActiveCfg = Debug|Any CPU
		{95B36ABA-3A1D-4F68-B4E5-E2478C96BE00}.Debug|Any CPU.Build.0 = Debug|Any CPU
		{95B36ABA-3A1D-4F68-B4E5-E2478C96BE00}.Release|Any CPU.ActiveCfg = Release|Any CPU
		{95B36ABA-3A1D-4F68-B4E5-E2478C96BE00}.Release|Any CPU.Build.0 = Release|Any CPU
	EndGlobalSection
	GlobalSection(SolutionProperties) = preSolution
		HideSolutionNode = FALSE
	EndGlobalSection
	GlobalSection(ExtensibilityGlobals) = postSolution
		SolutionGuid = {FB3D090A-30AE-4740-8EA2-9862A0E647AE}
	EndGlobalSection
EndGlobal
