
Microsoft Visual Studio Solution File, Format Version 12.00
# Visual Studio Version 17
VisualStudioVersion = 17.7.34031.279
MinimumVisualStudioVersion = 10.0.40219.1
Project("{FAE04EC0-301F-11D3-BF4B-00C04F79EFBC}") = "TPV", "TPV\TPV.csproj", "{3A465EA3-1934-4B0A-8163-4480E9622930}"
EndProject
Project("{FAE04EC0-301F-11D3-BF4B-00C04F79EFBC}") = "TPVLib", "TPVLib\TPVLib.csproj", "{11B8A4B5-F6CD-4272-BBD5-AA38AFD595F3}"
EndProject
Global
	GlobalSection(SolutionConfigurationPlatforms) = preSolution
		Debug|Any CPU = Debug|Any CPU
		Release|Any CPU = Release|Any CPU
	EndGlobalSection
	GlobalSection(ProjectConfigurationPlatforms) = postSolution
		{3A465EA3-1934-4B0A-8163-4480E9622930}.Debug|Any CPU.ActiveCfg = Debug|Any CPU
		{3A465EA3-1934-4B0A-8163-4480E9622930}.Debug|Any CPU.Build.0 = Debug|Any CPU
		{3A465EA3-1934-4B0A-8163-4480E9622930}.Release|Any CPU.ActiveCfg = Release|Any CPU
		{3A465EA3-1934-4B0A-8163-4480E9622930}.Release|Any CPU.Build.0 = Release|Any CPU
		{11B8A4B5-F6CD-4272-BBD5-AA38AFD595F3}.Debug|Any CPU.ActiveCfg = Debug|Any CPU
		{11B8A4B5-F6CD-4272-BBD5-AA38AFD595F3}.Debug|Any CPU.Build.0 = Debug|Any CPU
		{11B8A4B5-F6CD-4272-BBD5-AA38AFD595F3}.Release|Any CPU.ActiveCfg = Release|Any CPU
		{11B8A4B5-F6CD-4272-BBD5-AA38AFD595F3}.Release|Any CPU.Build.0 = Release|Any CPU
	EndGlobalSection
	GlobalSection(SolutionProperties) = preSolution
		HideSolutionNode = FALSE
	EndGlobalSection
	GlobalSection(ExtensibilityGlobals) = postSolution
		SolutionGuid = {DB9CCA5A-7438-4EAE-8C75-50EAD5C7252E}
	EndGlobalSection
EndGlobal
