
Microsoft Visual Studio Solution File, Format Version 12.00
# Visual Studio Version 17
VisualStudioVersion = 17.3.32825.248
MinimumVisualStudioVersion = 10.0.40219.1
Project("{FAE04EC0-301F-11D3-BF4B-00C04F79EFBC}") = "Examen 3a Evalauacion Yves", "Examen 3a Evalauacion Yves\Examen 3a Evalauacion Yves.csproj", "{725117FC-4915-4C78-8EF5-07EE464859DB}"
EndProject
Project("{FAE04EC0-301F-11D3-BF4B-00C04F79EFBC}") = "Granja", "Granja\Granja.csproj", "{4CBBC12B-2C64-4CF3-A594-F5EE6E0A71A5}"
EndProject
Project("{FAE04EC0-301F-11D3-BF4B-00C04F79EFBC}") = "Dardos", "Dardos\Dardos.csproj", "{E6826533-D095-4C62-B13A-477B9E6434DE}"
EndProject
Global
	GlobalSection(SolutionConfigurationPlatforms) = preSolution
		Debug|Any CPU = Debug|Any CPU
		Release|Any CPU = Release|Any CPU
	EndGlobalSection
	GlobalSection(ProjectConfigurationPlatforms) = postSolution
		{725117FC-4915-4C78-8EF5-07EE464859DB}.Debug|Any CPU.ActiveCfg = Debug|Any CPU
		{725117FC-4915-4C78-8EF5-07EE464859DB}.Debug|Any CPU.Build.0 = Debug|Any CPU
		{725117FC-4915-4C78-8EF5-07EE464859DB}.Release|Any CPU.ActiveCfg = Release|Any CPU
		{725117FC-4915-4C78-8EF5-07EE464859DB}.Release|Any CPU.Build.0 = Release|Any CPU
		{4CBBC12B-2C64-4CF3-A594-F5EE6E0A71A5}.Debug|Any CPU.ActiveCfg = Debug|Any CPU
		{4CBBC12B-2C64-4CF3-A594-F5EE6E0A71A5}.Debug|Any CPU.Build.0 = Debug|Any CPU
		{4CBBC12B-2C64-4CF3-A594-F5EE6E0A71A5}.Release|Any CPU.ActiveCfg = Release|Any CPU
		{4CBBC12B-2C64-4CF3-A594-F5EE6E0A71A5}.Release|Any CPU.Build.0 = Release|Any CPU
		{E6826533-D095-4C62-B13A-477B9E6434DE}.Debug|Any CPU.ActiveCfg = Debug|Any CPU
		{E6826533-D095-4C62-B13A-477B9E6434DE}.Debug|Any CPU.Build.0 = Debug|Any CPU
		{E6826533-D095-4C62-B13A-477B9E6434DE}.Release|Any CPU.ActiveCfg = Release|Any CPU
		{E6826533-D095-4C62-B13A-477B9E6434DE}.Release|Any CPU.Build.0 = Release|Any CPU
	EndGlobalSection
	GlobalSection(SolutionProperties) = preSolution
		HideSolutionNode = FALSE
	EndGlobalSection
	GlobalSection(ExtensibilityGlobals) = postSolution
		SolutionGuid = {391AC079-7CA8-4174-AAF7-4365FED19BF5}
	EndGlobalSection
EndGlobal
