
Microsoft Visual Studio Solution File, Format Version 12.00
# Visual Studio Version 17
VisualStudioVersion = 17.7.34031.279
MinimumVisualStudioVersion = 10.0.40219.1
Project("{FAE04EC0-301F-11D3-BF4B-00C04F79EFBC}") = "RepasoCurso", "RepasoCurso\RepasoCurso.csproj", "{7A17C3C6-41D4-4F91-BF5D-EB725DBA6817}"
EndProject
Global
	GlobalSection(SolutionConfigurationPlatforms) = preSolution
		Debug|Any CPU = Debug|Any CPU
		Release|Any CPU = Release|Any CPU
	EndGlobalSection
	GlobalSection(ProjectConfigurationPlatforms) = postSolution
		{7A17C3C6-41D4-4F91-BF5D-EB725DBA6817}.Debug|Any CPU.ActiveCfg = Debug|Any CPU
		{7A17C3C6-41D4-4F91-BF5D-EB725DBA6817}.Debug|Any CPU.Build.0 = Debug|Any CPU
		{7A17C3C6-41D4-4F91-BF5D-EB725DBA6817}.Release|Any CPU.ActiveCfg = Release|Any CPU
		{7A17C3C6-41D4-4F91-BF5D-EB725DBA6817}.Release|Any CPU.Build.0 = Release|Any CPU
	EndGlobalSection
	GlobalSection(SolutionProperties) = preSolution
		HideSolutionNode = FALSE
	EndGlobalSection
	GlobalSection(ExtensibilityGlobals) = postSolution
		SolutionGuid = {6B50AFB6-DF6A-4871-95A4-EF198F94F4AA}
	EndGlobalSection
EndGlobal
