
Microsoft Visual Studio Solution File, Format Version 12.00
# Visual Studio Version 17
VisualStudioVersion = 17.3.32825.248
MinimumVisualStudioVersion = 10.0.40219.1
Project("{FAE04EC0-301F-11D3-BF4B-00C04F79EFBC}") = "AplicacionTomJerry", "AplicacionTomJerry\AplicacionTomJerry.csproj", "{15F18BC4-FBF8-48E3-BD3B-437974785897}"
EndProject
Global
	GlobalSection(SolutionConfigurationPlatforms) = preSolution
		Debug|Any CPU = Debug|Any CPU
		Release|Any CPU = Release|Any CPU
	EndGlobalSection
	GlobalSection(ProjectConfigurationPlatforms) = postSolution
		{15F18BC4-FBF8-48E3-BD3B-437974785897}.Debug|Any CPU.ActiveCfg = Debug|Any CPU
		{15F18BC4-FBF8-48E3-BD3B-437974785897}.Debug|Any CPU.Build.0 = Debug|Any CPU
		{15F18BC4-FBF8-48E3-BD3B-437974785897}.Release|Any CPU.ActiveCfg = Release|Any CPU
		{15F18BC4-FBF8-48E3-BD3B-437974785897}.Release|Any CPU.Build.0 = Release|Any CPU
	EndGlobalSection
	GlobalSection(SolutionProperties) = preSolution
		HideSolutionNode = FALSE
	EndGlobalSection
	GlobalSection(ExtensibilityGlobals) = postSolution
		SolutionGuid = {10AE5B26-E8DA-457A-A02D-928B79CB5773}
	EndGlobalSection
EndGlobal
