
Microsoft Visual Studio Solution File, Format Version 12.00
# Visual Studio Version 17
VisualStudioVersion = 17.7.34031.279
MinimumVisualStudioVersion = 10.0.40219.1
Project("{FAE04EC0-301F-11D3-BF4B-00C04F79EFBC}") = "ExercismII", "ExercismII\ExercismII.csproj", "{E376F8C6-D394-469F-B31B-8ED78BFD8D85}"
EndProject
Global
	GlobalSection(SolutionConfigurationPlatforms) = preSolution
		Debug|Any CPU = Debug|Any CPU
		Release|Any CPU = Release|Any CPU
	EndGlobalSection
	GlobalSection(ProjectConfigurationPlatforms) = postSolution
		{E376F8C6-D394-469F-B31B-8ED78BFD8D85}.Debug|Any CPU.ActiveCfg = Debug|Any CPU
		{E376F8C6-D394-469F-B31B-8ED78BFD8D85}.Debug|Any CPU.Build.0 = Debug|Any CPU
		{E376F8C6-D394-469F-B31B-8ED78BFD8D85}.Release|Any CPU.ActiveCfg = Release|Any CPU
		{E376F8C6-D394-469F-B31B-8ED78BFD8D85}.Release|Any CPU.Build.0 = Release|Any CPU
	EndGlobalSection
	GlobalSection(SolutionProperties) = preSolution
		HideSolutionNode = FALSE
	EndGlobalSection
	GlobalSection(ExtensibilityGlobals) = postSolution
		SolutionGuid = {21A5663C-F704-4FD1-AB87-C3C4CCCD7BE2}
	EndGlobalSection
EndGlobal
