
Microsoft Visual Studio Solution File, Format Version 12.00
# Visual Studio Version 17
VisualStudioVersion = 17.3.32825.248
MinimumVisualStudioVersion = 10.0.40219.1
Project("{FAE04EC0-301F-11D3-BF4B-00C04F79EFBC}") = "ExamenYvesElianor", "ExamenYvesElianor\ExamenYvesElianor.csproj", "{42679A0F-FD2C-4607-AF38-5E78F7BB8209}"
EndProject
Project("{FAE04EC0-301F-11D3-BF4B-00C04F79EFBC}") = "Array", "Array\Array.csproj", "{EDD15EB7-B42D-45A9-811C-AE0FE5B3C7B5}"
EndProject
Project("{FAE04EC0-301F-11D3-BF4B-00C04F79EFBC}") = "Ajedrez", "Ajedrez\Ajedrez.csproj", "{04773926-81E0-4B37-9ED3-592A628C03CD}"
EndProject
Project("{FAE04EC0-301F-11D3-BF4B-00C04F79EFBC}") = "JuegoOca", "JuegoOca\JuegoOca.csproj", "{BCD0A333-8174-4308-BA75-C5544999C611}"
EndProject
Global
	GlobalSection(SolutionConfigurationPlatforms) = preSolution
		Debug|Any CPU = Debug|Any CPU
		Release|Any CPU = Release|Any CPU
	EndGlobalSection
	GlobalSection(ProjectConfigurationPlatforms) = postSolution
		{42679A0F-FD2C-4607-AF38-5E78F7BB8209}.Debug|Any CPU.ActiveCfg = Debug|Any CPU
		{42679A0F-FD2C-4607-AF38-5E78F7BB8209}.Debug|Any CPU.Build.0 = Debug|Any CPU
		{42679A0F-FD2C-4607-AF38-5E78F7BB8209}.Release|Any CPU.ActiveCfg = Release|Any CPU
		{42679A0F-FD2C-4607-AF38-5E78F7BB8209}.Release|Any CPU.Build.0 = Release|Any CPU
		{EDD15EB7-B42D-45A9-811C-AE0FE5B3C7B5}.Debug|Any CPU.ActiveCfg = Debug|Any CPU
		{EDD15EB7-B42D-45A9-811C-AE0FE5B3C7B5}.Debug|Any CPU.Build.0 = Debug|Any CPU
		{EDD15EB7-B42D-45A9-811C-AE0FE5B3C7B5}.Release|Any CPU.ActiveCfg = Release|Any CPU
		{EDD15EB7-B42D-45A9-811C-AE0FE5B3C7B5}.Release|Any CPU.Build.0 = Release|Any CPU
		{04773926-81E0-4B37-9ED3-592A628C03CD}.Debug|Any CPU.ActiveCfg = Debug|Any CPU
		{04773926-81E0-4B37-9ED3-592A628C03CD}.Debug|Any CPU.Build.0 = Debug|Any CPU
		{04773926-81E0-4B37-9ED3-592A628C03CD}.Release|Any CPU.ActiveCfg = Release|Any CPU
		{04773926-81E0-4B37-9ED3-592A628C03CD}.Release|Any CPU.Build.0 = Release|Any CPU
		{BCD0A333-8174-4308-BA75-C5544999C611}.Debug|Any CPU.ActiveCfg = Debug|Any CPU
		{BCD0A333-8174-4308-BA75-C5544999C611}.Debug|Any CPU.Build.0 = Debug|Any CPU
		{BCD0A333-8174-4308-BA75-C5544999C611}.Release|Any CPU.ActiveCfg = Release|Any CPU
		{BCD0A333-8174-4308-BA75-C5544999C611}.Release|Any CPU.Build.0 = Release|Any CPU
	EndGlobalSection
	GlobalSection(SolutionProperties) = preSolution
		HideSolutionNode = FALSE
	EndGlobalSection
	GlobalSection(ExtensibilityGlobals) = postSolution
		SolutionGuid = {AAD8EE16-3176-4B13-8E6A-19ABDB184C9F}
	EndGlobalSection
EndGlobal
