
Microsoft Visual Studio Solution File, Format Version 12.00
# Visual Studio Version 17
VisualStudioVersion = 17.7.34031.279
MinimumVisualStudioVersion = 10.0.40219.1
Project("{FAE04EC0-301F-11D3-BF4B-00C04F79EFBC}") = "FirstProgram60", "FirstProgram60\FirstProgram60.csproj", "{8D28D809-16F6-4D98-A911-B473BB38EBE4}"
EndProject
Global
	GlobalSection(SolutionConfigurationPlatforms) = preSolution
		Debug|Any CPU = Debug|Any CPU
		Release|Any CPU = Release|Any CPU
	EndGlobalSection
	GlobalSection(ProjectConfigurationPlatforms) = postSolution
		{8D28D809-16F6-4D98-A911-B473BB38EBE4}.Debug|Any CPU.ActiveCfg = Debug|Any CPU
		{8D28D809-16F6-4D98-A911-B473BB38EBE4}.Debug|Any CPU.Build.0 = Debug|Any CPU
		{8D28D809-16F6-4D98-A911-B473BB38EBE4}.Release|Any CPU.ActiveCfg = Release|Any CPU
		{8D28D809-16F6-4D98-A911-B473BB38EBE4}.Release|Any CPU.Build.0 = Release|Any CPU
	EndGlobalSection
	GlobalSection(SolutionProperties) = preSolution
		HideSolutionNode = FALSE
	EndGlobalSection
	GlobalSection(ExtensibilityGlobals) = postSolution
		SolutionGuid = {524D74DB-3945-4E5B-AD46-786A0CCB02A3}
	EndGlobalSection
EndGlobal
