
Microsoft Visual Studio Solution File, Format Version 12.00
# Visual Studio Version 17
VisualStudioVersion = 17.7.34031.279
MinimumVisualStudioVersion = 10.0.40219.1
Project("{FAE04EC0-301F-11D3-BF4B-00C04F79EFBC}") = "Colecciones", "Colecciones\Colecciones.csproj", "{0B8CE9A4-F6F9-4A9F-9BC3-4AD5604B6812}"
EndProject
Global
	GlobalSection(SolutionConfigurationPlatforms) = preSolution
		Debug|Any CPU = Debug|Any CPU
		Release|Any CPU = Release|Any CPU
	EndGlobalSection
	GlobalSection(ProjectConfigurationPlatforms) = postSolution
		{0B8CE9A4-F6F9-4A9F-9BC3-4AD5604B6812}.Debug|Any CPU.ActiveCfg = Debug|Any CPU
		{0B8CE9A4-F6F9-4A9F-9BC3-4AD5604B6812}.Debug|Any CPU.Build.0 = Debug|Any CPU
		{0B8CE9A4-F6F9-4A9F-9BC3-4AD5604B6812}.Release|Any CPU.ActiveCfg = Release|Any CPU
		{0B8CE9A4-F6F9-4A9F-9BC3-4AD5604B6812}.Release|Any CPU.Build.0 = Release|Any CPU
	EndGlobalSection
	GlobalSection(SolutionProperties) = preSolution
		HideSolutionNode = FALSE
	EndGlobalSection
	GlobalSection(ExtensibilityGlobals) = postSolution
		SolutionGuid = {5CF5B553-D122-4AF6-B97A-51FF2260ACB7}
	EndGlobalSection
EndGlobal
