
Microsoft Visual Studio Solution File, Format Version 12.00
# Visual Studio Version 17
VisualStudioVersion = 17.9.34607.119
MinimumVisualStudioVersion = 10.0.40219.1
Project("{FAE04EC0-301F-11D3-BF4B-00C04F79EFBC}") = "DelegadosResumen", "DelegadosResumen\DelegadosResumen.csproj", "{27A940DB-23FB-404E-B832-8E83EE97EE62}"
EndProject
Global
	GlobalSection(SolutionConfigurationPlatforms) = preSolution
		Debug|Any CPU = Debug|Any CPU
		Release|Any CPU = Release|Any CPU
	EndGlobalSection
	GlobalSection(ProjectConfigurationPlatforms) = postSolution
		{27A940DB-23FB-404E-B832-8E83EE97EE62}.Debug|Any CPU.ActiveCfg = Debug|Any CPU
		{27A940DB-23FB-404E-B832-8E83EE97EE62}.Debug|Any CPU.Build.0 = Debug|Any CPU
		{27A940DB-23FB-404E-B832-8E83EE97EE62}.Release|Any CPU.ActiveCfg = Release|Any CPU
		{27A940DB-23FB-404E-B832-8E83EE97EE62}.Release|Any CPU.Build.0 = Release|Any CPU
	EndGlobalSection
	GlobalSection(SolutionProperties) = preSolution
		HideSolutionNode = FALSE
	EndGlobalSection
	GlobalSection(ExtensibilityGlobals) = postSolution
		SolutionGuid = {695CF53E-0476-4E2E-B8E8-8F73E8761909}
	EndGlobalSection
EndGlobal
