
Microsoft Visual Studio Solution File, Format Version 12.00
# Visual Studio Version 17
VisualStudioVersion = 17.3.32825.248
MinimumVisualStudioVersion = 10.0.40219.1
Project("{FAE04EC0-301F-11D3-BF4B-00C04F79EFBC}") = "MedievalGame", "MedievalGame\MedievalGame.csproj", "{2897D8CC-8604-40BE-AE1F-7BBC7B3262AD}"
EndProject
Global
	GlobalSection(SolutionConfigurationPlatforms) = preSolution
		Debug|Any CPU = Debug|Any CPU
		Release|Any CPU = Release|Any CPU
	EndGlobalSection
	GlobalSection(ProjectConfigurationPlatforms) = postSolution
		{2897D8CC-8604-40BE-AE1F-7BBC7B3262AD}.Debug|Any CPU.ActiveCfg = Debug|Any CPU
		{2897D8CC-8604-40BE-AE1F-7BBC7B3262AD}.Debug|Any CPU.Build.0 = Debug|Any CPU
		{2897D8CC-8604-40BE-AE1F-7BBC7B3262AD}.Release|Any CPU.ActiveCfg = Release|Any CPU
		{2897D8CC-8604-40BE-AE1F-7BBC7B3262AD}.Release|Any CPU.Build.0 = Release|Any CPU
	EndGlobalSection
	GlobalSection(SolutionProperties) = preSolution
		HideSolutionNode = FALSE
	EndGlobalSection
	GlobalSection(ExtensibilityGlobals) = postSolution
		SolutionGuid = {761778D0-8A6B-45FB-AB52-7123B1E0F993}
	EndGlobalSection
EndGlobal
