
Microsoft Visual Studio Solution File, Format Version 12.00
# Visual Studio Version 17
VisualStudioVersion = 17.7.34031.279
MinimumVisualStudioVersion = 10.0.40219.1
Project("{FAE04EC0-301F-11D3-BF4B-00C04F79EFBC}") = "ChessWPF", "ChessWPF\ChessWPF.csproj", "{7020CB39-ED35-4F4C-BFBF-E04DCE5092AE}"
EndProject
Global
	GlobalSection(SolutionConfigurationPlatforms) = preSolution
		Debug|Any CPU = Debug|Any CPU
		Release|Any CPU = Release|Any CPU
	EndGlobalSection
	GlobalSection(ProjectConfigurationPlatforms) = postSolution
		{7020CB39-ED35-4F4C-BFBF-E04DCE5092AE}.Debug|Any CPU.ActiveCfg = Debug|Any CPU
		{7020CB39-ED35-4F4C-BFBF-E04DCE5092AE}.Debug|Any CPU.Build.0 = Debug|Any CPU
		{7020CB39-ED35-4F4C-BFBF-E04DCE5092AE}.Release|Any CPU.ActiveCfg = Release|Any CPU
		{7020CB39-ED35-4F4C-BFBF-E04DCE5092AE}.Release|Any CPU.Build.0 = Release|Any CPU
	EndGlobalSection
	GlobalSection(SolutionProperties) = preSolution
		HideSolutionNode = FALSE
	EndGlobalSection
	GlobalSection(ExtensibilityGlobals) = postSolution
		SolutionGuid = {767FFA51-94FA-40A1-94EE-823ADA61FF71}
	EndGlobalSection
EndGlobal
