
Microsoft Visual Studio Solution File, Format Version 12.00
# Visual Studio Version 17
VisualStudioVersion = 17.3.32825.248
MinimumVisualStudioVersion = 10.0.40219.1
Project("{FAE04EC0-301F-11D3-BF4B-00C04F79EFBC}") = "HerenciaI", "HerenciaI\HerenciaI.csproj", "{CA5033B8-7243-4D06-96D2-6DA0CA1E7BEB}"
EndProject
Global
	GlobalSection(SolutionConfigurationPlatforms) = preSolution
		Debug|Any CPU = Debug|Any CPU
		Release|Any CPU = Release|Any CPU
	EndGlobalSection
	GlobalSection(ProjectConfigurationPlatforms) = postSolution
		{CA5033B8-7243-4D06-96D2-6DA0CA1E7BEB}.Debug|Any CPU.ActiveCfg = Debug|Any CPU
		{CA5033B8-7243-4D06-96D2-6DA0CA1E7BEB}.Debug|Any CPU.Build.0 = Debug|Any CPU
		{CA5033B8-7243-4D06-96D2-6DA0CA1E7BEB}.Release|Any CPU.ActiveCfg = Release|Any CPU
		{CA5033B8-7243-4D06-96D2-6DA0CA1E7BEB}.Release|Any CPU.Build.0 = Release|Any CPU
	EndGlobalSection
	GlobalSection(SolutionProperties) = preSolution
		HideSolutionNode = FALSE
	EndGlobalSection
	GlobalSection(ExtensibilityGlobals) = postSolution
		SolutionGuid = {C427FA8E-3125-461D-BEE7-F5CB3E3B6812}
	EndGlobalSection
EndGlobal
